
Microsoft Visual Studio Solution File, Format Version 12.00
# Visual Studio 15
VisualStudioVersion = 15.0.28307.645
MinimumVisualStudioVersion = 10.0.40219.1
Project("{FAE04EC0-301F-11D3-BF4B-00C04F79EFBC}") = "ActivityGenerator", "ActivityGenerator\ActivityGenerator.csproj", "{4C3C8A1C-C416-4ED3-B13A-C4F88B4A4EAF}"
EndProject
Global
	GlobalSection(SolutionConfigurationPlatforms) = preSolution
		Debug|Any CPU = Debug|Any CPU
		Release|Any CPU = Release|Any CPU
	EndGlobalSection
	GlobalSection(ProjectConfigurationPlatforms) = postSolution
		{4C3C8A1C-C416-4ED3-B13A-C4F88B4A4EAF}.Debug|Any CPU.ActiveCfg = Debug|Any CPU
		{4C3C8A1C-C416-4ED3-B13A-C4F88B4A4EAF}.Debug|Any CPU.Build.0 = Debug|Any CPU
		{4C3C8A1C-C416-4ED3-B13A-C4F88B4A4EAF}.Release|Any CPU.ActiveCfg = Release|Any CPU
		{4C3C8A1C-C416-4ED3-B13A-C4F88B4A4EAF}.Release|Any CPU.Build.0 = Release|Any CPU
	EndGlobalSection
	GlobalSection(SolutionProperties) = preSolution
		HideSolutionNode = FALSE
	EndGlobalSection
	GlobalSection(ExtensibilityGlobals) = postSolution
		SolutionGuid = {1D8CD9BC-E5FD-4A76-9F6A-2D10D49EFBEC}
	EndGlobalSection
EndGlobal
